
Microsoft Visual Studio Solution File, Format Version 12.00
# Visual Studio Version 17
VisualStudioVersion = 17.4.33403.182
MinimumVisualStudioVersion = 10.0.40219.1
Project("{9A19103F-16F7-4668-BE54-9A1E7A4F7556}") = "DotNetDIScope", "WebApplication1\DotNetDIScope.csproj", "{068FA172-701D-403A-A7E2-3A49E220427D}"
EndProject
Global
	GlobalSection(SolutionConfigurationPlatforms) = preSolution
		Debug|Any CPU = Debug|Any CPU
		Release|Any CPU = Release|Any CPU
	EndGlobalSection
	GlobalSection(ProjectConfigurationPlatforms) = postSolution
		{068FA172-701D-403A-A7E2-3A49E220427D}.Debug|Any CPU.ActiveCfg = Debug|Any CPU
		{068FA172-701D-403A-A7E2-3A49E220427D}.Debug|Any CPU.Build.0 = Debug|Any CPU
		{068FA172-701D-403A-A7E2-3A49E220427D}.Release|Any CPU.ActiveCfg = Release|Any CPU
		{068FA172-701D-403A-A7E2-3A49E220427D}.Release|Any CPU.Build.0 = Release|Any CPU
	EndGlobalSection
	GlobalSection(SolutionProperties) = preSolution
		HideSolutionNode = FALSE
	EndGlobalSection
	GlobalSection(ExtensibilityGlobals) = postSolution
		SolutionGuid = {5F022969-7154-43C4-83B8-FAFA177F78D0}
	EndGlobalSection
EndGlobal
